
Microsoft Visual Studio Solution File, Format Version 12.00
# Visual Studio Version 16
VisualStudioVersion = 16.0.31515.178
MinimumVisualStudioVersion = 10.0.40219.1
Project("{9A19103F-16F7-4668-BE54-9A1E7A4F7556}") = "LinkedInLib", "LinkedInLib\LinkedInLib.csproj", "{96995001-EE7B-4531-8658-EC1ED6AB762A}"
EndProject
Project("{9A19103F-16F7-4668-BE54-9A1E7A4F7556}") = "LinkedInSalesToolGUI", "LinkedInSalesToolGUI\LinkedInSalesToolGUI\LinkedInSalesToolGUI.csproj", "{2C73EEDA-F8F5-46DE-9BC2-DB81507D94F5}"
EndProject
Global
	GlobalSection(SolutionConfigurationPlatforms) = preSolution
		Debug|Any CPU = Debug|Any CPU
		Release|Any CPU = Release|Any CPU
	EndGlobalSection
	GlobalSection(ProjectConfigurationPlatforms) = postSolution
		{96995001-EE7B-4531-8658-EC1ED6AB762A}.Debug|Any CPU.ActiveCfg = Debug|Any CPU
		{96995001-EE7B-4531-8658-EC1ED6AB762A}.Debug|Any CPU.Build.0 = Debug|Any CPU
		{96995001-EE7B-4531-8658-EC1ED6AB762A}.Release|Any CPU.ActiveCfg = Release|Any CPU
		{96995001-EE7B-4531-8658-EC1ED6AB762A}.Release|Any CPU.Build.0 = Release|Any CPU
		{2C73EEDA-F8F5-46DE-9BC2-DB81507D94F5}.Debug|Any CPU.ActiveCfg = Debug|Any CPU
		{2C73EEDA-F8F5-46DE-9BC2-DB81507D94F5}.Debug|Any CPU.Build.0 = Debug|Any CPU
		{2C73EEDA-F8F5-46DE-9BC2-DB81507D94F5}.Release|Any CPU.ActiveCfg = Release|Any CPU
		{2C73EEDA-F8F5-46DE-9BC2-DB81507D94F5}.Release|Any CPU.Build.0 = Release|Any CPU
	EndGlobalSection
	GlobalSection(SolutionProperties) = preSolution
		HideSolutionNode = FALSE
	EndGlobalSection
	GlobalSection(ExtensibilityGlobals) = postSolution
		SolutionGuid = {6799B3A4-8986-483F-840E-7B3E7E0A8530}
	EndGlobalSection
EndGlobal
