
Microsoft Visual Studio Solution File, Format Version 12.00
# Visual Studio Version 16
VisualStudioVersion = 16.0.31515.178
MinimumVisualStudioVersion = 10.0.40219.1
Project("{FAE04EC0-301F-11D3-BF4B-00C04F79EFBC}") = "LinkedInSalesToolGUI", "LinkedInSalesToolGUI.csproj", "{43E0D9A1-C0CE-4E46-A5F4-CD88FCD1D374}"
EndProject
Global
	GlobalSection(SolutionConfigurationPlatforms) = preSolution
		Debug|Any CPU = Debug|Any CPU
		Release|Any CPU = Release|Any CPU
	EndGlobalSection
	GlobalSection(ProjectConfigurationPlatforms) = postSolution
		{43E0D9A1-C0CE-4E46-A5F4-CD88FCD1D374}.Debug|Any CPU.ActiveCfg = Debug|Any CPU
		{43E0D9A1-C0CE-4E46-A5F4-CD88FCD1D374}.Debug|Any CPU.Build.0 = Debug|Any CPU
		{43E0D9A1-C0CE-4E46-A5F4-CD88FCD1D374}.Release|Any CPU.ActiveCfg = Release|Any CPU
		{43E0D9A1-C0CE-4E46-A5F4-CD88FCD1D374}.Release|Any CPU.Build.0 = Release|Any CPU
	EndGlobalSection
	GlobalSection(SolutionProperties) = preSolution
		HideSolutionNode = FALSE
	EndGlobalSection
	GlobalSection(ExtensibilityGlobals) = postSolution
		SolutionGuid = {3FF87952-86D5-4BFB-BD6A-3FC56C8543E2}
	EndGlobalSection
EndGlobal
